[[package]]
name = "open"
version = "1.2.1"
source = "registry+https://github.com/rust-lang/crates.io-index"

[[package]]
name = "text_io"
version = "0.1.7"
source = "registry+https://github.com/rust-lang/crates.io-index"

[[package]]
name = "websites"
version = "0.1.0"
dependencies = [
 "open 1.2.1 (registry+https://github.com/rust-lang/crates.io-index)",
 "text_io 0.1.7 (registry+https://github.com/rust-lang/crates.io-index)",
]

[metadata]
"checksum open 1.2.1 (registry+https://github.com/rust-lang/crates.io-index)" = "c281318d992e4432cfa799969467003d05921582a7489a8325e37f8a450d5113"
"checksum text_io 0.1.7 (registry+https://github.com/rust-lang/crates.io-index)" = "9658b61ebd1d2a40c276ba2335890b9eb6550b67458a6fbce2022e58c3350a50"
